// !$*UTF8*$!
{
	archiveVersion = 1;
	classes = {
	};
	objectVersion = 56;
	objects = {

/* Begin PBXBuildFile section */
		BDE5B8572A8E56700022B6E9 /* SustainiAppKWKApp.swift in Sources */ = {isa = PBXBuildFile; fileRef = BDE5B8562A8E56700022B6E9 /* SustainiAppKWKApp.swift */; };
		BDE5B8592A8E56700022B6E9 /* ContentView.swift in Sources */ = {isa = PBXBuildFile; fileRef = BDE5B8582A8E56700022B6E9 /* ContentView.swift */; };
		BDE5B85B2A8E56710022B6E9 /* Assets.xcassets in Resources */ = {isa = PBXBuildFile; fileRef = BDE5B85A2A8E56710022B6E9 /* Assets.xcassets */; };
		BDE5B85E2A8E56710022B6E9 /* Preview Assets.xcassets in Resources */ = {isa = PBXBuildFile; fileRef = BDE5B85D2A8E56710022B6E9 /* Preview Assets.xcassets */; };
		BDE5B8682A8E56710022B6E9 /* SustainiAppKWKTests.swift in Sources */ = {isa = PBXBuildFile; fileRef = BDE5B8672A8E56710022B6E9 /* SustainiAppKWKTests.swift */; };
		BDE5B8722A8E56710022B6E9 /* SustainiAppKWKUITests.swift in Sources */ = {isa = PBXBuildFile; fileRef = BDE5B8712A8E56710022B6E9 /* SustainiAppKWKUITests.swift */; };
		BDE5B8742A8E56710022B6E9 /* SustainiAppKWKUITestsLaunchTests.swift in Sources */ = {isa = PBXBuildFile; fileRef = BDE5B8732A8E56710022B6E9 /* SustainiAppKWKUITestsLaunchTests.swift */; };
/* End PBXBuildFile section */

/* Begin PBXContainerItemProxy section */
		BDE5B8642A8E56710022B6E9 /* PBXContainerItemProxy */ = {
			isa = PBXContainerItemProxy;
			containerPortal = BDE5B84B2A8E56700022B6E9 /* Project object */;
			proxyType = 1;
			remoteGlobalIDString = BDE5B8522A8E56700022B6E9;
			remoteInfo = SustainiAppKWK;
		};
		BDE5B86E2A8E56710022B6E9 /* PBXContainerItemProxy */ = {
			isa = PBXContainerItemProxy;
			containerPortal = BDE5B84B2A8E56700022B6E9 /* Project object */;
			proxyType = 1;
			remoteGlobalIDString = BDE5B8522A8E56700022B6E9;
			remoteInfo = SustainiAppKWK;
		};
/* End PBXContainerItemProxy section */

/* Begin PBXFileReference section */
		BDE5B8532A8E56700022B6E9 /* SustainiAppKWK.app */ = {isa = PBXFileReference; explicitFileType = wrapper.application; includeInIndex = 0; path = SustainiAppKWK.app; sourceTree = BUILT_PRODUCTS_DIR; };
		BDE5B8562A8E56700022B6E9 /* SustainiAppKWKApp.swift */ = {isa = PBXFileReference; lastKnownFileType = sourcecode.swift; path = SustainiAppKWKApp.swift; sourceTree = "<group>"; };
		BDE5B8582A8E56700022B6E9 /* ContentView.swift */ = {isa = PBXFileReference; lastKnownFileType = sourcecode.swift; path = ContentView.swift; sourceTree = "<group>"; };
		BDE5B85A2A8E56710022B6E9 /* Assets.xcassets */ = {isa = PBXFileReference; lastKnownFileType = folder.assetcatalog; path = Assets.xcassets; sourceTree = "<group>"; };
		BDE5B85D2A8E56710022B6E9 /* Preview Assets.xcassets */ = {isa = PBXFileReference; lastKnownFileType = folder.assetcatalog; path = "Preview Assets.xcassets"; sourceTree = "<group>"; };
		BDE5B8632A8E56710022B6E9 /* SustainiAppKWKTests.xctest */ = {isa = PBXFileReference; explicitFileType = wrapper.cfbundle; includeInIndex = 0; path = SustainiAppKWKTests.xctest; sourceTree = BUILT_PRODUCTS_DIR; };
		BDE5B8672A8E56710022B6E9 /* SustainiAppKWKTests.swift */ = {isa = PBXFileReference; lastKnownFileType = sourcecode.swift; path = SustainiAppKWKTests.swift; sourceTree = "<group>"; };
		BDE5B86D2A8E56710022B6E9 /* SustainiAppKWKUITests.xctest */ = {isa = PBXFileReference; explicitFileType = wrapper.cfbundle; includeInIndex = 0; path = SustainiAppKWKUITests.xctest; sourceTree = BUILT_PRODUCTS_DIR; };
		BDE5B8712A8E56710022B6E9 /* SustainiAppKWKUITests.swift */ = {isa = PBXFileReference; lastKnownFileType = sourcecode.swift; path = SustainiAppKWKUITests.swift; sourceTree = "<group>"; };
		BDE5B8732A8E56710022B6E9 /* SustainiAppKWKUITestsLaunchTests.swift */ = {isa = PBXFileReference; lastKnownFileType = sourcecode.swift; path = SustainiAppKWKUITestsLaunchTests.swift; sourceTree = "<group>"; };
/* End PBXFileReference section */

/* Begin PBXFrameworksBuildPhase section */
		BDE5B8502A8E56700022B6E9 /* Frameworks */ = {
			isa = PBXFrameworksBuildPhase;
			buildActionMask = 2147483647;
			files = (
			);
			runOnlyForDeploymentPostprocessing = 0;
		};
		BDE5B8602A8E56710022B6E9 /* Frameworks */ = {
			isa = PBXFrameworksBuildPhase;
			buildActionMask = 2147483647;
			files = (
			);
			runOnlyForDeploymentPostprocessing = 0;
		};
		BDE5B86A2A8E56710022B6E9 /* Frameworks */ = {
			isa = PBXFrameworksBuildPhase;
			buildActionMask = 2147483647;
			files = (
			);
			runOnlyForDeploymentPostprocessing = 0;
		};
/* End PBXFrameworksBuildPhase section */

/* Begin PBXGroup section */
		BDE5B84A2A8E56700022B6E9 = {
			isa = PBXGroup;
			children = (
				BDE5B8552A8E56700022B6E9 /* SustainiAppKWK */,
				BDE5B8662A8E56710022B6E9 /* SustainiAppKWKTests */,
				BDE5B8702A8E56710022B6E9 /* SustainiAppKWKUITests */,
				BDE5B8542A8E56700022B6E9 /* Products */,
			);
			sourceTree = "<group>";
		};
		BDE5B8542A8E56700022B6E9 /* Products */ = {
			isa = PBXGroup;
			children = (
				BDE5B8532A8E56700022B6E9 /* SustainiAppKWK.app */,
				BDE5B8632A8E56710022B6E9 /* SustainiAppKWKTests.xctest */,
				BDE5B86D2A8E56710022B6E9 /* SustainiAppKWKUITests.xctest */,
			);
			name = Products;
			sourceTree = "<group>";
		};
		BDE5B8552A8E56700022B6E9 /* SustainiAppKWK */ = {
			isa = PBXGroup;
			children = (
				BDE5B8562A8E56700022B6E9 /* SustainiAppKWKApp.swift */,
				BDE5B8582A8E56700022B6E9 /* ContentView.swift */,
				BDE5B85A2A8E56710022B6E9 /* Assets.xcassets */,
				BDE5B85C2A8E56710022B6E9 /* Preview Content */,
			);
			path = SustainiAppKWK;
			sourceTree = "<group>";
		};
		BDE5B85C2A8E56710022B6E9 /* Preview Content */ = {
			isa = PBXGroup;
			children = (
				BDE5B85D2A8E56710022B6E9 /* Preview Assets.xcassets */,
			);
			path = "Preview Content";
			sourceTree = "<group>";
		};
		BDE5B8662A8E56710022B6E9 /* SustainiAppKWKTests */ = {
			isa = PBXGroup;
			children = (
				BDE5B8672A8E56710022B6E9 /* SustainiAppKWKTests.swift */,
			);
			path = SustainiAppKWKTests;
			sourceTree = "<group>";
		};
		BDE5B8702A8E56710022B6E9 /* SustainiAppKWKUITests */ = {
			isa = PBXGroup;
			children = (
				BDE5B8712A8E56710022B6E9 /* SustainiAppKWKUITests.swift */,
				BDE5B8732A8E56710022B6E9 /* SustainiAppKWKUITestsLaunchTests.swift */,
			);
			path = SustainiAppKWKUITests;
			sourceTree = "<group>";
		};
/* End PBXGroup section */

/* Begin PBXNativeTarget section */
		BDE5B8522A8E56700022B6E9 /* SustainiAppKWK */ = {
			isa = PBXNativeTarget;
			buildConfigurationList = BDE5B8772A8E56710022B6E9 /* Build configuration list for PBXNativeTarget "SustainiAppKWK" */;
			buildPhases = (
				BDE5B84F2A8E56700022B6E9 /* Sources */,
				BDE5B8502A8E56700022B6E9 /* Frameworks */,
				BDE5B8512A8E56700022B6E9 /* Resources */,
			);
			buildRules = (
			);
			dependencies = (
			);
			name = SustainiAppKWK;
			productName = SustainiAppKWK;
			productReference = BDE5B8532A8E56700022B6E9 /* SustainiAppKWK.app */;
			productType = "com.apple.product-type.application";
		};
		BDE5B8622A8E56710022B6E9 /* SustainiAppKWKTests */ = {
			isa = PBXNativeTarget;
			buildConfigurationList = BDE5B87A2A8E56710022B6E9 /* Build configuration list for PBXNativeTarget "SustainiAppKWKTests" */;
			buildPhases = (
				BDE5B85F2A8E56710022B6E9 /* Sources */,
				BDE5B8602A8E56710022B6E9 /* Frameworks */,
				BDE5B8612A8E56710022B6E9 /* Resources */,
			);
			buildRules = (
			);
			dependencies = (
				BDE5B8652A8E56710022B6E9 /* PBXTargetDependency */,
			);
			name = SustainiAppKWKTests;
			productName = SustainiAppKWKTests;
			productReference = BDE5B8632A8E56710022B6E9 /* SustainiAppKWKTests.xctest */;
			productType = "com.apple.product-type.bundle.unit-test";
		};
		BDE5B86C2A8E56710022B6E9 /* SustainiAppKWKUITests */ = {
			isa = PBXNativeTarget;
			buildConfigurationList = BDE5B87D2A8E56710022B6E9 /* Build configuration list for PBXNativeTarget "SustainiAppKWKUITests" */;
			buildPhases = (
				BDE5B8692A8E56710022B6E9 /* Sources */,
				BDE5B86A2A8E56710022B6E9 /* Frameworks */,
				BDE5B86B2A8E56710022B6E9 /* Resources */,
			);
			buildRules = (
			);
			dependencies = (
				BDE5B86F2A8E56710022B6E9 /* PBXTargetDependency */,
			);
			name = SustainiAppKWKUITests;
			productName = SustainiAppKWKUITests;
			productReference = BDE5B86D2A8E56710022B6E9 /* SustainiAppKWKUITests.xctest */;
			productType = "com.apple.product-type.bundle.ui-testing";
		};
/* End PBXNativeTarget section */

/* Begin PBXProject section */
		BDE5B84B2A8E56700022B6E9 /* Project object */ = {
			isa = PBXProject;
			attributes = {
				BuildIndependentTargetsInParallel = 1;
				LastSwiftUpdateCheck = 1430;
				LastUpgradeCheck = 1430;
				TargetAttributes = {
					BDE5B8522A8E56700022B6E9 = {
						CreatedOnToolsVersion = 14.3.1;
					};
					BDE5B8622A8E56710022B6E9 = {
						CreatedOnToolsVersion = 14.3.1;
						TestTargetID = BDE5B8522A8E56700022B6E9;
					};
					BDE5B86C2A8E56710022B6E9 = {
						CreatedOnToolsVersion = 14.3.1;
						TestTargetID = BDE5B8522A8E56700022B6E9;
					};
				};
			};
			buildConfigurationList = BDE5B84E2A8E56700022B6E9 /* Build configuration list for PBXProject "SustainiAppKWK" */;
			compatibilityVersion = "Xcode 14.0";
			developmentRegion = en;
			hasScannedForEncodings = 0;
			knownRegions = (
				en,
				Base,
			);
			mainGroup = BDE5B84A2A8E56700022B6E9;
			productRefGroup = BDE5B8542A8E56700022B6E9 /* Products */;
			projectDirPath = "";
			projectRoot = "";
			targets = (
				BDE5B8522A8E56700022B6E9 /* SustainiAppKWK */,
				BDE5B8622A8E56710022B6E9 /* SustainiAppKWKTests */,
				BDE5B86C2A8E56710022B6E9 /* SustainiAppKWKUITests */,
			);
		};
/* End PBXProject section */

/* Begin PBXResourcesBuildPhase section */
		BDE5B8512A8E56700022B6E9 /* Resources */ = {
			isa = PBXResourcesBuildPhase;
			buildActionMask = 2147483647;
			files = (
				BDE5B85E2A8E56710022B6E9 /* Preview Assets.xcassets in Resources */,
				BDE5B85B2A8E56710022B6E9 /* Assets.xcassets in Resources */,
			);
			runOnlyForDeploymentPostprocessing = 0;
		};
		BDE5B8612A8E56710022B6E9 /* Resources */ = {
			isa = PBXResourcesBuildPhase;
			buildActionMask = 2147483647;
			files = (
			);
			runOnlyForDeploymentPostprocessing = 0;
		};
		BDE5B86B2A8E56710022B6E9 /* Resources */ = {
			isa = PBXResourcesBuildPhase;
			buildActionMask = 2147483647;
			files = (
			);
			runOnlyForDeploymentPostprocessing = 0;
		};
/* End PBXResourcesBuildPhase section */

/* Begin PBXSourcesBuildPhase section */
		BDE5B84F2A8E56700022B6E9 /* Sources */ = {
			isa = PBXSourcesBuildPhase;
			buildActionMask = 2147483647;
			files = (
				BDE5B8592A8E56700022B6E9 /* ContentView.swift in Sources */,
				BDE5B8572A8E56700022B6E9 /* SustainiAppKWKApp.swift in Sources */,
			);
			runOnlyForDeploymentPostprocessing = 0;
		};
		BDE5B85F2A8E56710022B6E9 /* Sources */ = {
			isa = PBXSourcesBuildPhase;
			buildActionMask = 2147483647;
			files = (
				BDE5B8682A8E56710022B6E9 /* SustainiAppKWKTests.swift in Sources */,
			);
			runOnlyForDeploymentPostprocessing = 0;
		};
		BDE5B8692A8E56710022B6E9 /* Sources */ = {
			isa = PBXSourcesBuildPhase;
			buildActionMask = 2147483647;
			files = (
				BDE5B8742A8E56710022B6E9 /* SustainiAppKWKUITestsLaunchTests.swift in Sources */,
				BDE5B8722A8E56710022B6E9 /* SustainiAppKWKUITests.swift in Sources */,
			);
			runOnlyForDeploymentPostprocessing = 0;
		};
/* End PBXSourcesBuildPhase section */

/* Begin PBXTargetDependency section */
		BDE5B8652A8E56710022B6E9 /* PBXTargetDependency */ = {
			isa = PBXTargetDependency;
			target = BDE5B8522A8E56700022B6E9 /* SustainiAppKWK */;
			targetProxy = BDE5B8642A8E56710022B6E9 /* PBXContainerItemProxy */;
		};
		BDE5B86F2A8E56710022B6E9 /* PBXTargetDependency */ = {
			isa = PBXTargetDependency;
			target = BDE5B8522A8E56700022B6E9 /* SustainiAppKWK */;
			targetProxy = BDE5B86E2A8E56710022B6E9 /* PBXContainerItemProxy */;
		};
/* End PBXTargetDependency section */

/* Begin XCBuildConfiguration section */
		BDE5B8752A8E56710022B6E9 /* Debug */ = {
			isa = XCBuildConfiguration;
			buildSettings = {
				ALWAYS_SEARCH_USER_PATHS = NO;
				CLANG_ANALYZER_NONNULL = YES;
				CLANG_ANALYZER_NUMBER_OBJECT_CONVERSION = YES_AGGRESSIVE;
				CLANG_CXX_LANGUAGE_STANDARD = "gnu++20";
				CLANG_ENABLE_MODULES = YES;
				CLANG_ENABLE_OBJC_ARC = YES;
				CLANG_ENABLE_OBJC_WEAK = YES;
				CLANG_WARN_BLOCK_CAPTURE_AUTORELEASING = YES;
				CLANG_WARN_BOOL_CONVERSION = YES;
				CLANG_WARN_COMMA = YES;
				CLANG_WARN_CONSTANT_CONVERSION = YES;
				CLANG_WARN_DEPRECATED_OBJC_IMPLEMENTATIONS = YES;
				CLANG_WARN_DIRECT_OBJC_ISA_USAGE = YES_ERROR;
				CLANG_WARN_DOCUMENTATION_COMMENTS = YES;
				CLANG_WARN_EMPTY_BODY = YES;
				CLANG_WARN_ENUM_CONVERSION = YES;
				CLANG_WARN_INFINITE_RECURSION = YES;
				CLANG_WARN_INT_CONVERSION = YES;
				CLANG_WARN_NON_LITERAL_NULL_CONVERSION = YES;
				CLANG_WARN_OBJC_IMPLICIT_RETAIN_SELF = YES;
				CLANG_WARN_OBJC_LITERAL_CONVERSION = YES;
				CLANG_WARN_OBJC_ROOT_CLASS = YES_ERROR;
				CLANG_WARN_QUOTED_INCLUDE_IN_FRAMEWORK_HEADER = YES;
				CLANG_WARN_RANGE_LOOP_ANALYSIS = YES;
				CLANG_WARN_STRICT_PROTOTYPES = YES;
				CLANG_WARN_SUSPICIOUS_MOVE = YES;
				CLANG_WARN_UNGUARDED_AVAILABILITY = YES_AGGRESSIVE;
				CLANG_WARN_UNREACHABLE_CODE = YES;
				CLANG_WARN__DUPLICATE_METHOD_MATCH = YES;
				COPY_PHASE_STRIP = NO;
				DEBUG_INFORMATION_FORMAT = dwarf;
				ENABLE_STRICT_OBJC_MSGSEND = YES;
				ENABLE_TESTABILITY = YES;
				GCC_C_LANGUAGE_STANDARD = gnu11;
				GCC_DYNAMIC_NO_PIC = NO;
				GCC_NO_COMMON_BLOCKS = YES;
				GCC_OPTIMIZATION_LEVEL = 0;
				GCC_PREPROCESSOR_DEFINITIONS = (
					"DEBUG=1",
					"$(inherited)",
				);
				GCC_WARN_64_TO_32_BIT_CONVERSION = YES;
				GCC_WARN_ABOUT_RETURN_TYPE = YES_ERROR;
				GCC_WARN_UNDECLARED_SELECTOR = YES;
				GCC_WARN_UNINITIALIZED_AUTOS = YES_AGGRESSIVE;
				GCC_WARN_UNUSED_FUNCTION = YES;
				GCC_WARN_UNUSED_VARIABLE = YES;
				IPHONEOS_DEPLOYMENT_TARGET = 16.4;
				MTL_ENABLE_DEBUG_INFO = INCLUDE_SOURCE;
				MTL_FAST_MATH = YES;
				ONLY_ACTIVE_ARCH = YES;
				SDKROOT = iphoneos;
				SWIFT_ACTIVE_COMPILATION_CONDITIONS = DEBUG;
				SWIFT_OPTIMIZATION_LEVEL = "-Onone";
			};
			name = Debug;
		};
		BDE5B8762A8E56710022B6E9 /* Release */ = {
			isa = XCBuildConfiguration;
			buildSettings = {
				ALWAYS_SEARCH_USER_PATHS = NO;
				CLANG_ANALYZER_NONNULL = YES;
				CLANG_ANALYZER_NUMBER_OBJECT_CONVERSION = YES_AGGRESSIVE;
				CLANG_CXX_LANGUAGE_STANDARD = "gnu++20";
				CLANG_ENABLE_MODULES = YES;
				CLANG_ENABLE_OBJC_ARC = YES;
				CLANG_ENABLE_OBJC_WEAK = YES;
				CLANG_WARN_BLOCK_CAPTURE_AUTORELEASING = YES;
				CLANG_WARN_BOOL_CONVERSION = YES;
				CLANG_WARN_COMMA = YES;
				CLANG_WARN_CONSTANT_CONVERSION = YES;
				CLANG_WARN_DEPRECATED_OBJC_IMPLEMENTATIONS = YES;
				CLANG_WARN_DIRECT_OBJC_ISA_USAGE = YES_ERROR;
				CLANG_WARN_DOCUMENTATION_COMMENTS = YES;
				CLANG_WARN_EMPTY_BODY = YES;
				CLANG_WARN_ENUM_CONVERSION = YES;
				CLANG_WARN_INFINITE_RECURSION = YES;
				CLANG_WARN_INT_CONVERSION = YES;
				CLANG_WARN_NON_LITERAL_NULL_CONVERSION = YES;
				CLANG_WARN_OBJC_IMPLICIT_RETAIN_SELF = YES;
				CLANG_WARN_OBJC_LITERAL_CONVERSION = YES;
				CLANG_WARN_OBJC_ROOT_CLASS = YES_ERROR;
				CLANG_WARN_QUOTED_INCLUDE_IN_FRAMEWORK_HEADER = YES;
				CLANG_WARN_RANGE_LOOP_ANALYSIS = YES;
				CLANG_WARN_STRICT_PROTOTYPES = YES;
				CLANG_WARN_SUSPICIOUS_MOVE = YES;
				CLANG_WARN_UNGUARDED_AVAILABILITY = YES_AGGRESSIVE;
				CLANG_WARN_UNREACHABLE_CODE = YES;
				CLANG_WARN__DUPLICATE_METHOD_MATCH = YES;
				COPY_PHASE_STRIP = NO;
				DEBUG_INFORMATION_FORMAT = "dwarf-with-dsym";
				ENABLE_NS_ASSERTIONS = NO;
				ENABLE_STRICT_OBJC_MSGSEND = YES;
				GCC_C_LANGUAGE_STANDARD = gnu11;
				GCC_NO_COMMON_BLOCKS = YES;
				GCC_WARN_64_TO_32_BIT_CONVERSION = YES;
				GCC_WARN_ABOUT_RETURN_TYPE = YES_ERROR;
				GCC_WARN_UNDECLARED_SELECTOR = YES;
				GCC_WARN_UNINITIALIZED_AUTOS = YES_AGGRESSIVE;
				GCC_WARN_UNUSED_FUNCTION = YES;
				GCC_WARN_UNUSED_VARIABLE = YES;
				IPHONEOS_DEPLOYMENT_TARGET = 16.4;
				MTL_ENABLE_DEBUG_INFO = NO;
				MTL_FAST_MATH = YES;
				SDKROOT = iphoneos;
				SWIFT_COMPILATION_MODE = wholemodule;
				SWIFT_OPTIMIZATION_LEVEL = "-O";
				VALIDATE_PRODUCT = YES;
			};
			name = Release;
		};
		BDE5B8782A8E56710022B6E9 /* Debug */ = {
			isa = XCBuildConfiguration;
			buildSettings = {
				ASSETCATALOG_COMPILER_APPICON_NAME = AppIcon;
				ASSETCATALOG_COMPILER_GLOBAL_ACCENT_COLOR_NAME = AccentColor;
				CODE_SIGN_STYLE = Automatic;
				CURRENT_PROJECT_VERSION = 1;
				DEVELOPMENT_ASSET_PATHS = "\"SustainiAppKWK/Preview Content\"";
				ENABLE_PREVIEWS = YES;
				GENERATE_INFOPLIST_FILE = YES;
				INFOPLIST_KEY_UIApplicationSceneManifest_Generation = YES;
				INFOPLIST_KEY_UIApplicationSupportsIndirectInputEvents = YES;
				INFOPLIST_KEY_UILaunchScreen_Generation = YES;
				INFOPLIST_KEY_UISupportedInterfaceOrientations_iPad = "UIInterfaceOrientationPortrait UIInterfaceOrientationPortraitUpsideDown UIInterfaceOrientationLandscapeLeft UIInterfaceOrientationLandscapeRight";
				INFOPLIST_KEY_UISupportedInterfaceOrientations_iPhone = "UIInterfaceOrientationPortrait UIInterfaceOrientationLandscapeLeft UIInterfaceOrientationLandscapeRight";
				LD_RUNPATH_SEARCH_PATHS = (
					"$(inherited)",
					"@executable_path/Frameworks",
				);
				MARKETING_VERSION = 1.0;
				PRODUCT_BUNDLE_IDENTIFIER = KodewithKlossy.SustainiAppKWK;
				PRODUCT_NAME = "$(TARGET_NAME)";
				SWIFT_EMIT_LOC_STRINGS = YES;
				SWIFT_VERSION = 5.0;
				TARGETED_DEVICE_FAMILY = "1,2";
			};
			name = Debug;
		};
		BDE5B8792A8E56710022B6E9 /* Release */ = {
			isa = XCBuildConfiguration;
			buildSettings = {
				ASSETCATALOG_COMPILER_APPICON_NAME = AppIcon;
				ASSETCATALOG_COMPILER_GLOBAL_ACCENT_COLOR_NAME = AccentColor;
				CODE_SIGN_STYLE = Automatic;
				CURRENT_PROJECT_VERSION = 1;
				DEVELOPMENT_ASSET_PATHS = "\"SustainiAppKWK/Preview Content\"";
				ENABLE_PREVIEWS = YES;
				GENERATE_INFOPLIST_FILE = YES;
				INFOPLIST_KEY_UIApplicationSceneManifest_Generation = YES;
				INFOPLIST_KEY_UIApplicationSupportsIndirectInputEvents = YES;
				INFOPLIST_KEY_UILaunchScreen_Generation = YES;
				INFOPLIST_KEY_UISupportedInterfaceOrientations_iPad = "UIInterfaceOrientationPortrait UIInterfaceOrientationPortraitUpsideDown UIInterfaceOrientationLandscapeLeft UIInterfaceOrientationLandscapeRight";
				INFOPLIST_KEY_UISupportedInterfaceOrientations_iPhone = "UIInterfaceOrientationPortrait UIInterfaceOrientationLandscapeLeft UIInterfaceOrientationLandscapeRight";
				LD_RUNPATH_SEARCH_PATHS = (
					"$(inherited)",
					"@executable_path/Frameworks",
				);
				MARKETING_VERSION = 1.0;
				PRODUCT_BUNDLE_IDENTIFIER = KodewithKlossy.SustainiAppKWK;
				PRODUCT_NAME = "$(TARGET_NAME)";
				SWIFT_EMIT_LOC_STRINGS = YES;
				SWIFT_VERSION = 5.0;
				TARGETED_DEVICE_FAMILY = "1,2";
			};
			name = Release;
		};
		BDE5B87B2A8E56710022B6E9 /* Debug */ = {
			isa = XCBuildConfiguration;
			buildSettings = {
				ALWAYS_EMBED_SWIFT_STANDARD_LIBRARIES = YES;
				BUNDLE_LOADER = "$(TEST_HOST)";
				CODE_SIGN_STYLE = Automatic;
				CURRENT_PROJECT_VERSION = 1;
				GENERATE_INFOPLIST_FILE = YES;
				IPHONEOS_DEPLOYMENT_TARGET = 16.4;
				MARKETING_VERSION = 1.0;
				PRODUCT_BUNDLE_IDENTIFIER = KodewithKlossy.SustainiAppKWKTests;
				PRODUCT_NAME = "$(TARGET_NAME)";
				SWIFT_EMIT_LOC_STRINGS = NO;
				SWIFT_VERSION = 5.0;
				TARGETED_DEVICE_FAMILY = "1,2";
				TEST_HOST = "$(BUILT_PRODUCTS_DIR)/SustainiAppKWK.app/$(BUNDLE_EXECUTABLE_FOLDER_PATH)/SustainiAppKWK";
			};
			name = Debug;
		};
		BDE5B87C2A8E56710022B6E9 /* Release */ = {
			isa = XCBuildConfiguration;
			buildSettings = {
				ALWAYS_EMBED_SWIFT_STANDARD_LIBRARIES = YES;
				BUNDLE_LOADER = "$(TEST_HOST)";
				CODE_SIGN_STYLE = Automatic;
				CURRENT_PROJECT_VERSION = 1;
				GENERATE_INFOPLIST_FILE = YES;
				IPHONEOS_DEPLOYMENT_TARGET = 16.4;
				MARKETING_VERSION = 1.0;
				PRODUCT_BUNDLE_IDENTIFIER = KodewithKlossy.SustainiAppKWKTests;
				PRODUCT_NAME = "$(TARGET_NAME)";
				SWIFT_EMIT_LOC_STRINGS = NO;
				SWIFT_VERSION = 5.0;
				TARGETED_DEVICE_FAMILY = "1,2";
				TEST_HOST = "$(BUILT_PRODUCTS_DIR)/SustainiAppKWK.app/$(BUNDLE_EXECUTABLE_FOLDER_PATH)/SustainiAppKWK";
			};
			name = Release;
		};
		BDE5B87E2A8E56710022B6E9 /* Debug */ = {
			isa = XCBuildConfiguration;
			buildSettings = {
				ALWAYS_EMBED_SWIFT_STANDARD_LIBRARIES = YES;
				CODE_SIGN_STYLE = Automatic;
				CURRENT_PROJECT_VERSION = 1;
				GENERATE_INFOPLIST_FILE = YES;
				MARKETING_VERSION = 1.0;
				PRODUCT_BUNDLE_IDENTIFIER = KodewithKlossy.SustainiAppKWKUITests;
				PRODUCT_NAME = "$(TARGET_NAME)";
				SWIFT_EMIT_LOC_STRINGS = NO;
				SWIFT_VERSION = 5.0;
				TARGETED_DEVICE_FAMILY = "1,2";
				TEST_TARGET_NAME = SustainiAppKWK;
			};
			name = Debug;
		};
		BDE5B87F2A8E56710022B6E9 /* Release */ = {
			isa = XCBuildConfiguration;
			buildSettings = {
				ALWAYS_EMBED_SWIFT_STANDARD_LIBRARIES = YES;
				CODE_SIGN_STYLE = Automatic;
				CURRENT_PROJECT_VERSION = 1;
				GENERATE_INFOPLIST_FILE = YES;
				MARKETING_VERSION = 1.0;
				PRODUCT_BUNDLE_IDENTIFIER = KodewithKlossy.SustainiAppKWKUITests;
				PRODUCT_NAME = "$(TARGET_NAME)";
				SWIFT_EMIT_LOC_STRINGS = NO;
				SWIFT_VERSION = 5.0;
				TARGETED_DEVICE_FAMILY = "1,2";
				TEST_TARGET_NAME = SustainiAppKWK;
			};
			name = Release;
		};
/* End XCBuildConfiguration section */

/* Begin XCConfigurationList section */
		BDE5B84E2A8E56700022B6E9 /* Build configuration list for PBXProject "SustainiAppKWK" */ = {
			isa = XCConfigurationList;
			buildConfigurations = (
				BDE5B8752A8E56710022B6E9 /* Debug */,
				BDE5B8762A8E56710022B6E9 /* Release */,
			);
			defaultConfigurationIsVisible = 0;
			defaultConfigurationName = Release;
		};
		BDE5B8772A8E56710022B6E9 /* Build configuration list for PBXNativeTarget "SustainiAppKWK" */ = {
			isa = XCConfigurationList;
			buildConfigurations = (
				BDE5B8782A8E56710022B6E9 /* Debug */,
				BDE5B8792A8E56710022B6E9 /* Release */,
			);
			defaultConfigurationIsVisible = 0;
			defaultConfigurationName = Release;
		};
		BDE5B87A2A8E56710022B6E9 /* Build configuration list for PBXNativeTarget "SustainiAppKWKTests" */ = {
			isa = XCConfigurationList;
			buildConfigurations = (
				BDE5B87B2A8E56710022B6E9 /* Debug */,
				BDE5B87C2A8E56710022B6E9 /* Release */,
			);
			defaultConfigurationIsVisible = 0;
			defaultConfigurationName = Release;
		};
		BDE5B87D2A8E56710022B6E9 /* Build configuration list for PBXNativeTarget "SustainiAppKWKUITests" */ = {
			isa = XCConfigurationList;
			buildConfigurations = (
				BDE5B87E2A8E56710022B6E9 /* Debug */,
				BDE5B87F2A8E56710022B6E9 /* Release */,
			);
			defaultConfigurationIsVisible = 0;
			defaultConfigurationName = Release;
		};
/* End XCConfigurationList section */
	};
	rootObject = BDE5B84B2A8E56700022B6E9 /* Project object */;
}
